<?xml version="1.0" encoding="utf-8"?>
<Project ToolsVersion="4.0" xmlns="http://schemas.microsoft.com/developer/msbuild/2003">
  <ItemGroup>
    <Filter Include="Filters">
      <UniqueIdentifier>{aa7e20f8-293d-4dee-93c6-d5cbfe5f17e1}</UniqueIdentifier>
    </Filter>
    <Filter Include="Filters\Helpers">
      <UniqueIdentifier>{436d593b-2d60-4972-a194-9d9f9ba9ae31}</UniqueIdentifier>
    </Filter>
    <Filter Include="Sandbox">
      <UniqueIdentifier>{4FC737F1-C7A5-4376-A066-2A32D752A2FF}</UniqueIdentifier>
      <Extensions>cpp;c;cc;cxx;def;odl;idl;hpj;bat;asm;asmx</Extensions>
    </Filter>
    <Filter Include="Utils">
      <UniqueIdentifier>{604de40b-fc0f-4105-8c95-c0f9a2fd2318}</UniqueIdentifier>
    </Filter>
    <Filter Include="Calibration">
      <UniqueIdentifier>{86b83ba5-c761-4a4c-b1fd-c513cb8022c1}</UniqueIdentifier>
    </Filter>
  </ItemGroup>
  <ItemGroup>
    <None Include="ReadMe.txt" />
  </ItemGroup>
  <ItemGroup>
    <ClInclude Include="AveragingFilter.h">
      <Filter>Filters</Filter>
    </ClInclude>
    <ClInclude Include="MedianFilter.h">
      <Filter>Filters</Filter>
    </ClInclude>
    <ClInclude Include="HistoryBuffer.h">
      <Filter>Filters\Helpers</Filter>
    </ClInclude>
    <ClInclude Include="Fullscreen.h">
      <Filter>Utils</Filter>
    </ClInclude>
    <ClInclude Include="HarrisCornerDetection.h">
      <Filter>Calibration</Filter>
    </ClInclude>
    <ClInclude Include="Settings.h">
      <Filter>Sandbox</Filter>
    </ClInclude>
    <ClInclude Include="HoughCornerDetection.h">
      <Filter>Calibration</Filter>
    </ClInclude>
    <ClInclude Include="ManualCornerDetection.h">
      <Filter>Calibration</Filter>
    </ClInclude>
  </ItemGroup>
  <ItemGroup>
    <ClCompile Include="sandbox.cpp">
      <Filter>Sandbox</Filter>
    </ClCompile>
    <ClCompile Include="AveragingFilter.cpp">
      <Filter>Filters</Filter>
    </ClCompile>
    <ClCompile Include="MedianFilter.cpp">
      <Filter>Filters</Filter>
    </ClCompile>
    <ClCompile Include="HistoryBuffer.cpp">
      <Filter>Filters\Helpers</Filter>
    </ClCompile>
    <ClCompile Include="Fullscreen.cpp">
      <Filter>Utils</Filter>
    </ClCompile>
    <ClCompile Include="HarrisCornerDetection.cpp">
      <Filter>Calibration</Filter>
    </ClCompile>
    <ClCompile Include="Settings.cpp">
      <Filter>Sandbox</Filter>
    </ClCompile>
    <ClCompile Include="HoughCornerDetection.cpp">
      <Filter>Calibration</Filter>
    </ClCompile>
    <ClCompile Include="ManualCornerDetection.cpp">
      <Filter>Calibration</Filter>
    </ClCompile>
  </ItemGroup>
</Project>